github.com/fxamacker/cbor/v2 v2.6.0 h1:sU6J2usfADwWlYDAFhZBQ6TnLFBHxgesMrQfQgk1tWA=
github.com/fxamacker/cbor/v2 v2.6.0/go.mod h1:pxXPTn3joSm21Gbwsv0w9OSA2y1HFR9qXEeXQVeNoDQ=
github.com/x448/float16 v0.8.4 h1:qLwI1I70+NjRFUR3zs1JPUCgaCXSh3SW62uAKT1mSBM=
github.com/x448/float16 v0.8.4/go.mod h1:14CWIYCyZA/cWjXOioeEpHeN/83MdbZDRQHoFcYsOfg=
go.arcalot.io/assert v1.8.0 h1:hGcHMPncQXwQvjj7MbyOu2gg8VIBB00crUJZpeQOjxs=
go.arcalot.io/assert v1.8.0/go.mod h1:nNmWPoNUHFyrPkNrD2aASm5yPuAfiWdB/4X7Lw3ykHk=
go.arcalot.io/log/v2 v2.1.0 h1:lNO931hJ82LgS6WcCFCxpLWXQXPFhOkz6PyAJ/augq4=
go.arcalot.io/log/v2 v2.1.0/go.mod h1:PNWOSkkPmgS2OMlWTIlB/WqOw0yaBvDYd8ENAP80H4k=
gopkg.in/check.v1 v0.0.0-20161208181325-20d25e280405 h1:yhCVgyC4o1eVCa2tZl7eS0r+SDo693bJlVdllGtEeKM=
gopkg.in/check.v1 v0.0.0-20161208181325-20d25e280405/go.mod h1:Co6ibVJAznAaIkqp8huTwlJQCZ016jof/cbN4VW5Yz0=
gopkg.in/yaml.v3 v3.0.1 h1:fxVm/GzAzEWqLHuvctI91KS9hhNmmWOoWu0XTYJS7CA=
gopkg.in/yaml.v3 v3.0.1/go.mod h1:K4uyk7z7BCEPqu6E+C64Yfv1cQ7kz7rIZviUmN+EgEM=
